// !$*UTF8*$!
{
	archiveVersion = 1;
	classes = {
	};
	objectVersion = 50;
	objects = {

/* Begin PBXBuildFile section */
		347451CC2467AC5C001BB66B /* ListNode.swift in Sources */ = {isa = PBXBuildFile; fileRef = 347451CB2467AC5C001BB66B /* ListNode.swift */; };
		347451CE2467AC6D001BB66B /* TreeNode.swift in Sources */ = {isa = PBXBuildFile; fileRef = 347451CD2467AC6D001BB66B /* TreeNode.swift */; };
		34FE145523E5499200C60FB4 /* AppDelegate.swift in Sources */ = {isa = PBXBuildFile; fileRef = 34FE145423E5499200C60FB4 /* AppDelegate.swift */; };
		34FE145723E5499200C60FB4 /* ViewController.swift in Sources */ = {isa = PBXBuildFile; fileRef = 34FE145623E5499200C60FB4 /* ViewController.swift */; };
		34FE145A23E5499200C60FB4 /* Main.storyboard in Resources */ = {isa = PBXBuildFile; fileRef = 34FE145823E5499200C60FB4 /* Main.storyboard */; };
		34FE145C23E5499300C60FB4 /* Assets.xcassets in Resources */ = {isa = PBXBuildFile; fileRef = 34FE145B23E5499300C60FB4 /* Assets.xcassets */; };
		34FE145F23E5499300C60FB4 /* LaunchScreen.storyboard in Resources */ = {isa = PBXBuildFile; fileRef = 34FE145D23E5499300C60FB4 /* LaunchScreen.storyboard */; };
		34FE146A23E5499300C60FB4 /* LeetCodeTests.swift in Sources */ = {isa = PBXBuildFile; fileRef = 34FE146923E5499300C60FB4 /* LeetCodeTests.swift */; };
		34FE147523E5499300C60FB4 /* LeetCodeUITests.swift in Sources */ = {isa = PBXBuildFile; fileRef = 34FE147423E5499300C60FB4 /* LeetCodeUITests.swift */; };
		BDCAA03524810740001F3B90 /* Node.swift in Sources */ = {isa = PBXBuildFile; fileRef = BDCAA03424810740001F3B90 /* Node.swift */; };
/* End PBXBuildFile section */

/* Begin PBXContainerItemProxy section */
		34FE146623E5499300C60FB4 /* PBXContainerItemProxy */ = {
			isa = PBXContainerItemProxy;
			containerPortal = 34FE144923E5499200C60FB4 /* Project object */;
			proxyType = 1;
			remoteGlobalIDString = 34FE145023E5499200C60FB4;
			remoteInfo = LeetCode;
		};
		34FE147123E5499300C60FB4 /* PBXContainerItemProxy */ = {
			isa = PBXContainerItemProxy;
			containerPortal = 34FE144923E5499200C60FB4 /* Project object */;
			proxyType = 1;
			remoteGlobalIDString = 34FE145023E5499200C60FB4;
			remoteInfo = LeetCode;
		};
/* End PBXContainerItemProxy section */

/* Begin PBXFileReference section */
		347451CB2467AC5C001BB66B /* ListNode.swift */ = {isa = PBXFileReference; lastKnownFileType = sourcecode.swift; path = ListNode.swift; sourceTree = "<group>"; };
		347451CD2467AC6D001BB66B /* TreeNode.swift */ = {isa = PBXFileReference; lastKnownFileType = sourcecode.swift; path = TreeNode.swift; sourceTree = "<group>"; };
		34FE145123E5499200C60FB4 /* LeetCode.app */ = {isa = PBXFileReference; explicitFileType = wrapper.application; includeInIndex = 0; path = LeetCode.app; sourceTree = BUILT_PRODUCTS_DIR; };
		34FE145423E5499200C60FB4 /* AppDelegate.swift */ = {isa = PBXFileReference; lastKnownFileType = sourcecode.swift; path = AppDelegate.swift; sourceTree = "<group>"; };
		34FE145623E5499200C60FB4 /* ViewController.swift */ = {isa = PBXFileReference; lastKnownFileType = sourcecode.swift; path = ViewController.swift; sourceTree = "<group>"; };
		34FE145923E5499200C60FB4 /* Base */ = {isa = PBXFileReference; lastKnownFileType = file.storyboard; name = Base; path = Base.lproj/Main.storyboard; sourceTree = "<group>"; };
		34FE145B23E5499300C60FB4 /* Assets.xcassets */ = {isa = PBXFileReference; lastKnownFileType = folder.assetcatalog; path = Assets.xcassets; sourceTree = "<group>"; };
		34FE145E23E5499300C60FB4 /* Base */ = {isa = PBXFileReference; lastKnownFileType = file.storyboard; name = Base; path = Base.lproj/LaunchScreen.storyboard; sourceTree = "<group>"; };
		34FE146023E5499300C60FB4 /* Info.plist */ = {isa = PBXFileReference; lastKnownFileType = text.plist.xml; path = Info.plist; sourceTree = "<group>"; };
		34FE146523E5499300C60FB4 /* LeetCodeTests.xctest */ = {isa = PBXFileReference; explicitFileType = wrapper.cfbundle; includeInIndex = 0; path = LeetCodeTests.xctest; sourceTree = BUILT_PRODUCTS_DIR; };
		34FE146923E5499300C60FB4 /* LeetCodeTests.swift */ = {isa = PBXFileReference; lastKnownFileType = sourcecode.swift; path = LeetCodeTests.swift; sourceTree = "<group>"; };
		34FE146B23E5499300C60FB4 /* Info.plist */ = {isa = PBXFileReference; lastKnownFileType = text.plist.xml; path = Info.plist; sourceTree = "<group>"; };
		34FE147023E5499300C60FB4 /* LeetCodeUITests.xctest */ = {isa = PBXFileReference; explicitFileType = wrapper.cfbundle; includeInIndex = 0; path = LeetCodeUITests.xctest; sourceTree = BUILT_PRODUCTS_DIR; };
		34FE147423E5499300C60FB4 /* LeetCodeUITests.swift */ = {isa = PBXFileReference; lastKnownFileType = sourcecode.swift; path = LeetCodeUITests.swift; sourceTree = "<group>"; };
		34FE147623E5499300C60FB4 /* Info.plist */ = {isa = PBXFileReference; lastKnownFileType = text.plist.xml; path = Info.plist; sourceTree = "<group>"; };
		BDCAA03424810740001F3B90 /* Node.swift */ = {isa = PBXFileReference; lastKnownFileType = sourcecode.swift; path = Node.swift; sourceTree = "<group>"; };
/* End PBXFileReference section */

/* Begin PBXFrameworksBuildPhase section */
		34FE144E23E5499200C60FB4 /* Frameworks */ = {
			isa = PBXFrameworksBuildPhase;
			buildActionMask = 2147483647;
			files = (
			);
			runOnlyForDeploymentPostprocessing = 0;
		};
		34FE146223E5499300C60FB4 /* Frameworks */ = {
			isa = PBXFrameworksBuildPhase;
			buildActionMask = 2147483647;
			files = (
			);
			runOnlyForDeploymentPostprocessing = 0;
		};
		34FE146D23E5499300C60FB4 /* Frameworks */ = {
			isa = PBXFrameworksBuildPhase;
			buildActionMask = 2147483647;
			files = (
			);
			runOnlyForDeploymentPostprocessing = 0;
		};
/* End PBXFrameworksBuildPhase section */

/* Begin PBXGroup section */
		34FE144823E5499200C60FB4 = {
			isa = PBXGroup;
			children = (
				34FE145323E5499200C60FB4 /* LeetCode */,
				34FE146823E5499300C60FB4 /* LeetCodeTests */,
				34FE147323E5499300C60FB4 /* LeetCodeUITests */,
				34FE145223E5499200C60FB4 /* Products */,
			);
			sourceTree = "<group>";
		};
		34FE145223E5499200C60FB4 /* Products */ = {
			isa = PBXGroup;
			children = (
				34FE145123E5499200C60FB4 /* LeetCode.app */,
				34FE146523E5499300C60FB4 /* LeetCodeTests.xctest */,
				34FE147023E5499300C60FB4 /* LeetCodeUITests.xctest */,
			);
			name = Products;
			sourceTree = "<group>";
		};
		34FE145323E5499200C60FB4 /* LeetCode */ = {
			isa = PBXGroup;
			children = (
				34FE145423E5499200C60FB4 /* AppDelegate.swift */,
				34FE145623E5499200C60FB4 /* ViewController.swift */,
				347451CB2467AC5C001BB66B /* ListNode.swift */,
				347451CD2467AC6D001BB66B /* TreeNode.swift */,
				BDCAA03424810740001F3B90 /* Node.swift */,
				34FE145823E5499200C60FB4 /* Main.storyboard */,
				34FE145B23E5499300C60FB4 /* Assets.xcassets */,
				34FE145D23E5499300C60FB4 /* LaunchScreen.storyboard */,
				34FE146023E5499300C60FB4 /* Info.plist */,
			);
			path = LeetCode;
			sourceTree = "<group>";
		};
		34FE146823E5499300C60FB4 /* LeetCodeTests */ = {
			isa = PBXGroup;
			children = (
				34FE146923E5499300C60FB4 /* LeetCodeTests.swift */,
				34FE146B23E5499300C60FB4 /* Info.plist */,
			);
			path = LeetCodeTests;
			sourceTree = "<group>";
		};
		34FE147323E5499300C60FB4 /* LeetCodeUITests */ = {
			isa = PBXGroup;
			children = (
				34FE147423E5499300C60FB4 /* LeetCodeUITests.swift */,
				34FE147623E5499300C60FB4 /* Info.plist */,
			);
			path = LeetCodeUITests;
			sourceTree = "<group>";
		};
/* End PBXGroup section */

/* Begin PBXNativeTarget section */
		34FE145023E5499200C60FB4 /* LeetCode */ = {
			isa = PBXNativeTarget;
			buildConfigurationList = 34FE147923E5499300C60FB4 /* Build configuration list for PBXNativeTarget "LeetCode" */;
			buildPhases = (
				34FE144D23E5499200C60FB4 /* Sources */,
				34FE144E23E5499200C60FB4 /* Frameworks */,
				34FE144F23E5499200C60FB4 /* Resources */,
			);
			buildRules = (
			);
			dependencies = (
			);
			name = LeetCode;
			productName = LeetCode;
			productReference = 34FE145123E5499200C60FB4 /* LeetCode.app */;
			productType = "com.apple.product-type.application";
		};
		34FE146423E5499300C60FB4 /* LeetCodeTests */ = {
			isa = PBXNativeTarget;
			buildConfigurationList = 34FE147C23E5499300C60FB4 /* Build configuration list for PBXNativeTarget "LeetCodeTests" */;
			buildPhases = (
				34FE146123E5499300C60FB4 /* Sources */,
				34FE146223E5499300C60FB4 /* Frameworks */,
				34FE146323E5499300C60FB4 /* Resources */,
			);
			buildRules = (
			);
			dependencies = (
				34FE146723E5499300C60FB4 /* PBXTargetDependency */,
			);
			name = LeetCodeTests;
			productName = LeetCodeTests;
			productReference = 34FE146523E5499300C60FB4 /* LeetCodeTests.xctest */;
			productType = "com.apple.product-type.bundle.unit-test";
		};
		34FE146F23E5499300C60FB4 /* LeetCodeUITests */ = {
			isa = PBXNativeTarget;
			buildConfigurationList = 34FE147F23E5499300C60FB4 /* Build configuration list for PBXNativeTarget "LeetCodeUITests" */;
			buildPhases = (
				34FE146C23E5499300C60FB4 /* Sources */,
				34FE146D23E5499300C60FB4 /* Frameworks */,
				34FE146E23E5499300C60FB4 /* Resources */,
			);
			buildRules = (
			);
			dependencies = (
				34FE147223E5499300C60FB4 /* PBXTargetDependency */,
			);
			name = LeetCodeUITests;
			productName = LeetCodeUITests;
			productReference = 34FE147023E5499300C60FB4 /* LeetCodeUITests.xctest */;
			productType = "com.apple.product-type.bundle.ui-testing";
		};
/* End PBXNativeTarget section */

/* Begin PBXProject section */
		34FE144923E5499200C60FB4 /* Project object */ = {
			isa = PBXProject;
			attributes = {
				LastSwiftUpdateCheck = 1010;
				LastUpgradeCheck = 1010;
				ORGANIZATIONNAME = "刘志康";
				TargetAttributes = {
					34FE145023E5499200C60FB4 = {
						CreatedOnToolsVersion = 10.1;
					};
					34FE146423E5499300C60FB4 = {
						CreatedOnToolsVersion = 10.1;
						TestTargetID = 34FE145023E5499200C60FB4;
					};
					34FE146F23E5499300C60FB4 = {
						CreatedOnToolsVersion = 10.1;
						TestTargetID = 34FE145023E5499200C60FB4;
					};
				};
			};
			buildConfigurationList = 34FE144C23E5499200C60FB4 /* Build configuration list for PBXProject "LeetCode" */;
			compatibilityVersion = "Xcode 9.3";
			developmentRegion = en;
			hasScannedForEncodings = 0;
			knownRegions = (
				en,
				Base,
			);
			mainGroup = 34FE144823E5499200C60FB4;
			productRefGroup = 34FE145223E5499200C60FB4 /* Products */;
			projectDirPath = "";
			projectRoot = "";
			targets = (
				34FE145023E5499200C60FB4 /* LeetCode */,
				34FE146423E5499300C60FB4 /* LeetCodeTests */,
				34FE146F23E5499300C60FB4 /* LeetCodeUITests */,
			);
		};
/* End PBXProject section */

/* Begin PBXResourcesBuildPhase section */
		34FE144F23E5499200C60FB4 /* Resources */ = {
			isa = PBXResourcesBuildPhase;
			buildActionMask = 2147483647;
			files = (
				34FE145F23E5499300C60FB4 /* LaunchScreen.storyboard in Resources */,
				34FE145C23E5499300C60FB4 /* Assets.xcassets in Resources */,
				34FE145A23E5499200C60FB4 /* Main.storyboard in Resources */,
			);
			runOnlyForDeploymentPostprocessing = 0;
		};
		34FE146323E5499300C60FB4 /* Resources */ = {
			isa = PBXResourcesBuildPhase;
			buildActionMask = 2147483647;
			files = (
			);
			runOnlyForDeploymentPostprocessing = 0;
		};
		34FE146E23E5499300C60FB4 /* Resources */ = {
			isa = PBXResourcesBuildPhase;
			buildActionMask = 2147483647;
			files = (
			);
			runOnlyForDeploymentPostprocessing = 0;
		};
/* End PBXResourcesBuildPhase section */

/* Begin PBXSourcesBuildPhase section */
		34FE144D23E5499200C60FB4 /* Sources */ = {
			isa = PBXSourcesBuildPhase;
			buildActionMask = 2147483647;
			files = (
				34FE145723E5499200C60FB4 /* ViewController.swift in Sources */,
				BDCAA03524810740001F3B90 /* Node.swift in Sources */,
				34FE145523E5499200C60FB4 /* AppDelegate.swift in Sources */,
				347451CC2467AC5C001BB66B /* ListNode.swift in Sources */,
				347451CE2467AC6D001BB66B /* TreeNode.swift in Sources */,
			);
			runOnlyForDeploymentPostprocessing = 0;
		};
		34FE146123E5499300C60FB4 /* Sources */ = {
			isa = PBXSourcesBuildPhase;
			buildActionMask = 2147483647;
			files = (
				34FE146A23E5499300C60FB4 /* LeetCodeTests.swift in Sources */,
			);
			runOnlyForDeploymentPostprocessing = 0;
		};
		34FE146C23E5499300C60FB4 /* Sources */ = {
			isa = PBXSourcesBuildPhase;
			buildActionMask = 2147483647;
			files = (
				34FE147523E5499300C60FB4 /* LeetCodeUITests.swift in Sources */,
			);
			runOnlyForDeploymentPostprocessing = 0;
		};
/* End PBXSourcesBuildPhase section */

/* Begin PBXTargetDependency section */
		34FE146723E5499300C60FB4 /* PBXTargetDependency */ = {
			isa = PBXTargetDependency;
			target = 34FE145023E5499200C60FB4 /* LeetCode */;
			targetProxy = 34FE146623E5499300C60FB4 /* PBXContainerItemProxy */;
		};
		34FE147223E5499300C60FB4 /* PBXTargetDependency */ = {
			isa = PBXTargetDependency;
			target = 34FE145023E5499200C60FB4 /* LeetCode */;
			targetProxy = 34FE147123E5499300C60FB4 /* PBXContainerItemProxy */;
		};
/* End PBXTargetDependency section */

/* Begin PBXVariantGroup section */
		34FE145823E5499200C60FB4 /* Main.storyboard */ = {
			isa = PBXVariantGroup;
			children = (
				34FE145923E5499200C60FB4 /* Base */,
			);
			name = Main.storyboard;
			sourceTree = "<group>";
		};
		34FE145D23E5499300C60FB4 /* LaunchScreen.storyboard */ = {
			isa = PBXVariantGroup;
			children = (
				34FE145E23E5499300C60FB4 /* Base */,
			);
			name = LaunchScreen.storyboard;
			sourceTree = "<group>";
		};
/* End PBXVariantGroup section */

/* Begin XCBuildConfiguration section */
		34FE147723E5499300C60FB4 /* Debug */ = {
			isa = XCBuildConfiguration;
			buildSettings = {
				ALWAYS_SEARCH_USER_PATHS = NO;
				CLANG_ANALYZER_NONNULL = YES;
				CLANG_ANALYZER_NUMBER_OBJECT_CONVERSION = YES_AGGRESSIVE;
				CLANG_CXX_LANGUAGE_STANDARD = "gnu++14";
				CLANG_CXX_LIBRARY = "libc++";
				CLANG_ENABLE_MODULES = YES;
				CLANG_ENABLE_OBJC_ARC = YES;
				CLANG_ENABLE_OBJC_WEAK = YES;
				CLANG_WARN_BLOCK_CAPTURE_AUTORELEASING = YES;
				CLANG_WARN_BOOL_CONVERSION = YES;
				CLANG_WARN_COMMA = YES;
				CLANG_WARN_CONSTANT_CONVERSION = YES;
				CLANG_WARN_DEPRECATED_OBJC_IMPLEMENTATIONS = YES;
				CLANG_WARN_DIRECT_OBJC_ISA_USAGE = YES_ERROR;
				CLANG_WARN_DOCUMENTATION_COMMENTS = YES;
				CLANG_WARN_EMPTY_BODY = YES;
				CLANG_WARN_ENUM_CONVERSION = YES;
				CLANG_WARN_INFINITE_RECURSION = YES;
				CLANG_WARN_INT_CONVERSION = YES;
				CLANG_WARN_NON_LITERAL_NULL_CONVERSION = YES;
				CLANG_WARN_OBJC_IMPLICIT_RETAIN_SELF = YES;
				CLANG_WARN_OBJC_LITERAL_CONVERSION = YES;
				CLANG_WARN_OBJC_ROOT_CLASS = YES_ERROR;
				CLANG_WARN_RANGE_LOOP_ANALYSIS = YES;
				CLANG_WARN_STRICT_PROTOTYPES = YES;
				CLANG_WARN_SUSPICIOUS_MOVE = YES;
				CLANG_WARN_UNGUARDED_AVAILABILITY = YES_AGGRESSIVE;
				CLANG_WARN_UNREACHABLE_CODE = YES;
				CLANG_WARN__DUPLICATE_METHOD_MATCH = YES;
				CODE_SIGN_IDENTITY = "iPhone Developer";
				COPY_PHASE_STRIP = NO;
				DEBUG_INFORMATION_FORMAT = dwarf;
				ENABLE_STRICT_OBJC_MSGSEND = YES;
				ENABLE_TESTABILITY = YES;
				GCC_C_LANGUAGE_STANDARD = gnu11;
				GCC_DYNAMIC_NO_PIC = NO;
				GCC_NO_COMMON_BLOCKS = YES;
				GCC_OPTIMIZATION_LEVEL = 0;
				GCC_PREPROCESSOR_DEFINITIONS = (
					"DEBUG=1",
					"$(inherited)",
				);
				GCC_WARN_64_TO_32_BIT_CONVERSION = YES;
				GCC_WARN_ABOUT_RETURN_TYPE = YES_ERROR;
				GCC_WARN_UNDECLARED_SELECTOR = YES;
				GCC_WARN_UNINITIALIZED_AUTOS = YES_AGGRESSIVE;
				GCC_WARN_UNUSED_FUNCTION = YES;
				GCC_WARN_UNUSED_VARIABLE = YES;
				IPHONEOS_DEPLOYMENT_TARGET = 12.1;
				MTL_ENABLE_DEBUG_INFO = INCLUDE_SOURCE;
				MTL_FAST_MATH = YES;
				ONLY_ACTIVE_ARCH = YES;
				SDKROOT = iphoneos;
				SWIFT_ACTIVE_COMPILATION_CONDITIONS = DEBUG;
				SWIFT_OPTIMIZATION_LEVEL = "-Onone";
			};
			name = Debug;
		};
		34FE147823E5499300C60FB4 /* Release */ = {
			isa = XCBuildConfiguration;
			buildSettings = {
				ALWAYS_SEARCH_USER_PATHS = NO;
				CLANG_ANALYZER_NONNULL = YES;
				CLANG_ANALYZER_NUMBER_OBJECT_CONVERSION = YES_AGGRESSIVE;
				CLANG_CXX_LANGUAGE_STANDARD = "gnu++14";
				CLANG_CXX_LIBRARY = "libc++";
				CLANG_ENABLE_MODULES = YES;
				CLANG_ENABLE_OBJC_ARC = YES;
				CLANG_ENABLE_OBJC_WEAK = YES;
				CLANG_WARN_BLOCK_CAPTURE_AUTORELEASING = YES;
				CLANG_WARN_BOOL_CONVERSION = YES;
				CLANG_WARN_COMMA = YES;
				CLANG_WARN_CONSTANT_CONVERSION = YES;
				CLANG_WARN_DEPRECATED_OBJC_IMPLEMENTATIONS = YES;
				CLANG_WARN_DIRECT_OBJC_ISA_USAGE = YES_ERROR;
				CLANG_WARN_DOCUMENTATION_COMMENTS = YES;
				CLANG_WARN_EMPTY_BODY = YES;
				CLANG_WARN_ENUM_CONVERSION = YES;
				CLANG_WARN_INFINITE_RECURSION = YES;
				CLANG_WARN_INT_CONVERSION = YES;
				CLANG_WARN_NON_LITERAL_NULL_CONVERSION = YES;
				CLANG_WARN_OBJC_IMPLICIT_RETAIN_SELF = YES;
				CLANG_WARN_OBJC_LITERAL_CONVERSION = YES;
				CLANG_WARN_OBJC_ROOT_CLASS = YES_ERROR;
				CLANG_WARN_RANGE_LOOP_ANALYSIS = YES;
				CLANG_WARN_STRICT_PROTOTYPES = YES;
				CLANG_WARN_SUSPICIOUS_MOVE = YES;
				CLANG_WARN_UNGUARDED_AVAILABILITY = YES_AGGRESSIVE;
				CLANG_WARN_UNREACHABLE_CODE = YES;
				CLANG_WARN__DUPLICATE_METHOD_MATCH = YES;
				CODE_SIGN_IDENTITY = "iPhone Developer";
				COPY_PHASE_STRIP = NO;
				DEBUG_INFORMATION_FORMAT = "dwarf-with-dsym";
				ENABLE_NS_ASSERTIONS = NO;
				ENABLE_STRICT_OBJC_MSGSEND = YES;
				GCC_C_LANGUAGE_STANDARD = gnu11;
				GCC_NO_COMMON_BLOCKS = YES;
				GCC_WARN_64_TO_32_BIT_CONVERSION = YES;
				GCC_WARN_ABOUT_RETURN_TYPE = YES_ERROR;
				GCC_WARN_UNDECLARED_SELECTOR = YES;
				GCC_WARN_UNINITIALIZED_AUTOS = YES_AGGRESSIVE;
				GCC_WARN_UNUSED_FUNCTION = YES;
				GCC_WARN_UNUSED_VARIABLE = YES;
				IPHONEOS_DEPLOYMENT_TARGET = 12.1;
				MTL_ENABLE_DEBUG_INFO = NO;
				MTL_FAST_MATH = YES;
				SDKROOT = iphoneos;
				SWIFT_COMPILATION_MODE = wholemodule;
				SWIFT_OPTIMIZATION_LEVEL = "-O";
				VALIDATE_PRODUCT = YES;
			};
			name = Release;
		};
		34FE147A23E5499300C60FB4 /* Debug */ = {
			isa = XCBuildConfiguration;
			buildSettings = {
				ASSETCATALOG_COMPILER_APPICON_NAME = AppIcon;
				CODE_SIGN_STYLE = Automatic;
				DEVELOPMENT_TEAM = TTE3BK35DB;
				INFOPLIST_FILE = LeetCode/Info.plist;
				LD_RUNPATH_SEARCH_PATHS = (
					"$(inherited)",
					"@executable_path/Frameworks",
				);
				PRODUCT_BUNDLE_IDENTIFIER = test.LeetCode;
				PRODUCT_NAME = "$(TARGET_NAME)";
				SWIFT_VERSION = 4.2;
				TARGETED_DEVICE_FAMILY = "1,2";
			};
			name = Debug;
		};
		34FE147B23E5499300C60FB4 /* Release */ = {
			isa = XCBuildConfiguration;
			buildSettings = {
				ASSETCATALOG_COMPILER_APPICON_NAME = AppIcon;
				CODE_SIGN_STYLE = Automatic;
				DEVELOPMENT_TEAM = TTE3BK35DB;
				INFOPLIST_FILE = LeetCode/Info.plist;
				LD_RUNPATH_SEARCH_PATHS = (
					"$(inherited)",
					"@executable_path/Frameworks",
				);
				PRODUCT_BUNDLE_IDENTIFIER = test.LeetCode;
				PRODUCT_NAME = "$(TARGET_NAME)";
				SWIFT_VERSION = 4.2;
				TARGETED_DEVICE_FAMILY = "1,2";
			};
			name = Release;
		};
		34FE147D23E5499300C60FB4 /* Debug */ = {
			isa = XCBuildConfiguration;
			buildSettings = {
				ALWAYS_EMBED_SWIFT_STANDARD_LIBRARIES = YES;
				BUNDLE_LOADER = "$(TEST_HOST)";
				CODE_SIGN_STYLE = Automatic;
				DEVELOPMENT_TEAM = TTE3BK35DB;
				INFOPLIST_FILE = LeetCodeTests/Info.plist;
				LD_RUNPATH_SEARCH_PATHS = (
					"$(inherited)",
					"@executable_path/Frameworks",
					"@loader_path/Frameworks",
				);
				PRODUCT_BUNDLE_IDENTIFIER = test.LeetCodeTests;
				PRODUCT_NAME = "$(TARGET_NAME)";
				SWIFT_VERSION = 4.2;
				TARGETED_DEVICE_FAMILY = "1,2";
				TEST_HOST = "$(BUILT_PRODUCTS_DIR)/LeetCode.app/LeetCode";
			};
			name = Debug;
		};
		34FE147E23E5499300C60FB4 /* Release */ = {
			isa = XCBuildConfiguration;
			buildSettings = {
				ALWAYS_EMBED_SWIFT_STANDARD_LIBRARIES = YES;
				BUNDLE_LOADER = "$(TEST_HOST)";
				CODE_SIGN_STYLE = Automatic;
				DEVELOPMENT_TEAM = TTE3BK35DB;
				INFOPLIST_FILE = LeetCodeTests/Info.plist;
				LD_RUNPATH_SEARCH_PATHS = (
					"$(inherited)",
					"@executable_path/Frameworks",
					"@loader_path/Frameworks",
				);
				PRODUCT_BUNDLE_IDENTIFIER = test.LeetCodeTests;
				PRODUCT_NAME = "$(TARGET_NAME)";
				SWIFT_VERSION = 4.2;
				TARGETED_DEVICE_FAMILY = "1,2";
				TEST_HOST = "$(BUILT_PRODUCTS_DIR)/LeetCode.app/LeetCode";
			};
			name = Release;
		};
		34FE148023E5499300C60FB4 /* Debug */ = {
			isa = XCBuildConfiguration;
			buildSettings = {
				ALWAYS_EMBED_SWIFT_STANDARD_LIBRARIES = YES;
				CODE_SIGN_STYLE = Automatic;
				DEVELOPMENT_TEAM = TTE3BK35DB;
				INFOPLIST_FILE = LeetCodeUITests/Info.plist;
				LD_RUNPATH_SEARCH_PATHS = (
					"$(inherited)",
					"@executable_path/Frameworks",
					"@loader_path/Frameworks",
				);
				PRODUCT_BUNDLE_IDENTIFIER = test.LeetCodeUITests;
				PRODUCT_NAME = "$(TARGET_NAME)";
				SWIFT_VERSION = 4.2;
				TARGETED_DEVICE_FAMILY = "1,2";
				TEST_TARGET_NAME = LeetCode;
			};
			name = Debug;
		};
		34FE148123E5499300C60FB4 /* Release */ = {
			isa = XCBuildConfiguration;
			buildSettings = {
				ALWAYS_EMBED_SWIFT_STANDARD_LIBRARIES = YES;
				CODE_SIGN_STYLE = Automatic;
				DEVELOPMENT_TEAM = TTE3BK35DB;
				INFOPLIST_FILE = LeetCodeUITests/Info.plist;
				LD_RUNPATH_SEARCH_PATHS = (
					"$(inherited)",
					"@executable_path/Frameworks",
					"@loader_path/Frameworks",
				);
				PRODUCT_BUNDLE_IDENTIFIER = test.LeetCodeUITests;
				PRODUCT_NAME = "$(TARGET_NAME)";
				SWIFT_VERSION = 4.2;
				TARGETED_DEVICE_FAMILY = "1,2";
				TEST_TARGET_NAME = LeetCode;
			};
			name = Release;
		};
/* End XCBuildConfiguration section */

/* Begin XCConfigurationList section */
		34FE144C23E5499200C60FB4 /* Build configuration list for PBXProject "LeetCode" */ = {
			isa = XCConfigurationList;
			buildConfigurations = (
				34FE147723E5499300C60FB4 /* Debug */,
				34FE147823E5499300C60FB4 /* Release */,
			);
			defaultConfigurationIsVisible = 0;
			defaultConfigurationName = Release;
		};
		34FE147923E5499300C60FB4 /* Build configuration list for PBXNativeTarget "LeetCode" */ = {
			isa = XCConfigurationList;
			buildConfigurations = (
				34FE147A23E5499300C60FB4 /* Debug */,
				34FE147B23E5499300C60FB4 /* Release */,
			);
			defaultConfigurationIsVisible = 0;
			defaultConfigurationName = Release;
		};
		34FE147C23E5499300C60FB4 /* Build configuration list for PBXNativeTarget "LeetCodeTests" */ = {
			isa = XCConfigurationList;
			buildConfigurations = (
				34FE147D23E5499300C60FB4 /* Debug */,
				34FE147E23E5499300C60FB4 /* Release */,
			);
			defaultConfigurationIsVisible = 0;
			defaultConfigurationName = Release;
		};
		34FE147F23E5499300C60FB4 /* Build configuration list for PBXNativeTarget "LeetCodeUITests" */ = {
			isa = XCConfigurationList;
			buildConfigurations = (
				34FE148023E5499300C60FB4 /* Debug */,
				34FE148123E5499300C60FB4 /* Release */,
			);
			defaultConfigurationIsVisible = 0;
			defaultConfigurationName = Release;
		};
/* End XCConfigurationList section */
	};
	rootObject = 34FE144923E5499200C60FB4 /* Project object */;
}
